
Microsoft Visual Studio Solution File, Format Version 12.00
# Visual Studio 15
VisualStudioVersion = 15.0.27130.2036
MinimumVisualStudioVersion = 10.0.40219.1
Project("{FAE04EC0-301F-11D3-BF4B-00C04F79EFBC}") = "Authentication", "Authentication\Authentication.csproj", "{06C03841-92A0-4080-88C1-80D4CCB6FCCD}"
EndProject
Project("{FAE04EC0-301F-11D3-BF4B-00C04F79EFBC}") = "AuthenticationNetMVC", "AuthenticationNetMVC\AuthenticationNetMVC.csproj", "{D673CB94-9E95-4162-9874-3E5D518643D7}"
EndProject
Global
	GlobalSection(SolutionConfigurationPlatforms) = preSolution
		Debug|Any CPU = Debug|Any CPU
		Release|Any CPU = Release|Any CPU
	EndGlobalSection
	GlobalSection(ProjectConfigurationPlatforms) = postSolution
		{06C03841-92A0-4080-88C1-80D4CCB6FCCD}.Debug|Any CPU.ActiveCfg = Debug|Any CPU
		{06C03841-92A0-4080-88C1-80D4CCB6FCCD}.Debug|Any CPU.Build.0 = Debug|Any CPU
		{06C03841-92A0-4080-88C1-80D4CCB6FCCD}.Release|Any CPU.ActiveCfg = Release|Any CPU
		{06C03841-92A0-4080-88C1-80D4CCB6FCCD}.Release|Any CPU.Build.0 = Release|Any CPU
		{D673CB94-9E95-4162-9874-3E5D518643D7}.Debug|Any CPU.ActiveCfg = Debug|Any CPU
		{D673CB94-9E95-4162-9874-3E5D518643D7}.Debug|Any CPU.Build.0 = Debug|Any CPU
		{D673CB94-9E95-4162-9874-3E5D518643D7}.Release|Any CPU.ActiveCfg = Release|Any CPU
		{D673CB94-9E95-4162-9874-3E5D518643D7}.Release|Any CPU.Build.0 = Release|Any CPU
	EndGlobalSection
	GlobalSection(SolutionProperties) = preSolution
		HideSolutionNode = FALSE
	EndGlobalSection
	GlobalSection(ExtensibilityGlobals) = postSolution
		SolutionGuid = {F4FA2000-02B7-4CBA-897E-B057D584B7E1}
	EndGlobalSection
EndGlobal
